
Microsoft Visual Studio Solution File, Format Version 12.00
# Visual Studio 14
VisualStudioVersion = 14.0.23107.0
MinimumVisualStudioVersion = 10.0.40219.1
Project("{8BC9CEB8-8B4A-11D0-8D11-00A0C91BC942}") = "Aufgabe006", "Aufgabe006\Aufgabe006.vcxproj", "{85423FFF-5DB1-413E-B178-2738E9BB9924}"
EndProject
Project("{8BC9CEB8-8B4A-11D0-8D11-00A0C91BC942}") = "Aufgabe007", "Aufgabe007\Aufgabe007.vcxproj", "{6D16B164-67BA-495D-A50F-6475A27E2AA3}"
EndProject
Project("{8BC9CEB8-8B4A-11D0-8D11-00A0C91BC942}") = "Aufgabe008", "Aufgabe008\Aufgabe008.vcxproj", "{F09A081C-5C54-4084-8700-F03907F42BB3}"
EndProject
Project("{8BC9CEB8-8B4A-11D0-8D11-00A0C91BC942}") = "Aufgabe009", "Aufgabe009\Aufgabe009.vcxproj", "{62275EB2-7E27-4686-96AD-65F5EF21C549}"
EndProject
Project("{8BC9CEB8-8B4A-11D0-8D11-00A0C91BC942}") = "Aufgabe010", "Aufgabe010\Aufgabe010.vcxproj", "{BBD88509-887C-41EE-BACD-5CC1F0C71897}"
EndProject
Project("{8BC9CEB8-8B4A-11D0-8D11-00A0C91BC942}") = "Aufgabe011", "Aufgabe011\Aufgabe011.vcxproj", "{BFF22E5B-B8B1-431D-A307-38C7A94A1676}"
EndProject
Project("{8BC9CEB8-8B4A-11D0-8D11-00A0C91BC942}") = "Aufgabe012", "Aufgabe012\Aufgabe012.vcxproj", "{1F7400E1-FE83-43BE-8A32-D8FB57967560}"
EndProject
Project("{8BC9CEB8-8B4A-11D0-8D11-00A0C91BC942}") = "Aufgabe013", "Aufgabe013\Aufgabe013.vcxproj", "{6ACE250A-7061-44BE-BA44-CDB5F68750AF}"
EndProject
Project("{8BC9CEB8-8B4A-11D0-8D11-00A0C91BC942}") = "Aufgabe014", "Aufgabe014\Aufgabe014.vcxproj", "{BC0A71E8-3B60-4821-94B0-FDBBCEFC8907}"
EndProject
Project("{8BC9CEB8-8B4A-11D0-8D11-00A0C91BC942}") = "Aufgabe015", "Aufgabe015\Aufgabe015.vcxproj", "{719999E6-87FB-49A7-9AD9-452AE0239102}"
EndProject
Project("{8BC9CEB8-8B4A-11D0-8D11-00A0C91BC942}") = "Aufgabe016", "Aufgabe016\Aufgabe016.vcxproj", "{22A47579-6842-4362-9C5A-E87CB8CC6A3E}"
EndProject
Project("{8BC9CEB8-8B4A-11D0-8D11-00A0C91BC942}") = "Aufgabe017", "Aufgabe017\Aufgabe017.vcxproj", "{2BA5F7D9-19E3-43DA-80E1-7F9A77D1CE46}"
EndProject
Project("{8BC9CEB8-8B4A-11D0-8D11-00A0C91BC942}") = "Aufgabe018", "Aufgabe018\Aufgabe018.vcxproj", "{0FE02339-828F-4BB1-A8C2-252DF463A6FA}"
EndProject
Project("{8BC9CEB8-8B4A-11D0-8D11-00A0C91BC942}") = "Aufgabe019", "Aufgabe019\Aufgabe019.vcxproj", "{2F76DC11-BD6C-4400-AE46-893DBD02AAFB}"
EndProject
Project("{8BC9CEB8-8B4A-11D0-8D11-00A0C91BC942}") = "Aufgabe020", "Aufgabe020\Aufgabe020.vcxproj", "{A4A8C454-5EAD-482E-B820-101B6297DE22}"
EndProject
Project("{8BC9CEB8-8B4A-11D0-8D11-00A0C91BC942}") = "Aufgabe021", "Aufgabe021\Aufgabe021.vcxproj", "{53B93251-0907-4C3F-8A08-4C3133009F61}"
EndProject
Project("{8BC9CEB8-8B4A-11D0-8D11-00A0C91BC942}") = "Aufgabe022", "Aufgabe022\Aufgabe022.vcxproj", "{CBE0BB80-9416-46EC-8829-892FD4797AC9}"
EndProject
Project("{8BC9CEB8-8B4A-11D0-8D11-00A0C91BC942}") = "Aufgabe023", "Aufgabe023\Aufgabe023.vcxproj", "{A5B7CAD6-8FE1-40C7-B04C-D6D38F9F06E3}"
EndProject
Project("{8BC9CEB8-8B4A-11D0-8D11-00A0C91BC942}") = "Aufgabe024", "Aufgabe024\Aufgabe024.vcxproj", "{49D02B53-E151-4CED-9DE4-AF8745920C36}"
EndProject
Project("{8BC9CEB8-8B4A-11D0-8D11-00A0C91BC942}") = "Aufgabe025", "Aufgabe025\Aufgabe025.vcxproj", "{D3C0FF95-1D4A-4686-BD22-50DE45E7DECB}"
EndProject
Project("{8BC9CEB8-8B4A-11D0-8D11-00A0C91BC942}") = "Aufgabe026", "Aufgabe026\Aufgabe026.vcxproj", "{CD4F0DDD-623E-46B0-B367-EC5EF11C571D}"
EndProject
Project("{8BC9CEB8-8B4A-11D0-8D11-00A0C91BC942}") = "Aufgabe027", "Aufgabe027\Aufgabe027.vcxproj", "{24550169-D2AC-4AC4-B52A-2BBD28EB8787}"
EndProject
Project("{8BC9CEB8-8B4A-11D0-8D11-00A0C91BC942}") = "Aufgabe028", "Aufgabe028\Aufgabe028.vcxproj", "{59599B39-C4BC-421B-B68E-D1C05CBC857C}"
EndProject
Project("{8BC9CEB8-8B4A-11D0-8D11-00A0C91BC942}") = "Aufgabe029", "Aufgabe029\Aufgabe029.vcxproj", "{08FF954C-CD04-49A0-8D5F-6CD90CEA0888}"
EndProject
Project("{8BC9CEB8-8B4A-11D0-8D11-00A0C91BC942}") = "Aufgabe030", "Aufgabe030\Aufgabe030.vcxproj", "{957E314D-818F-4836-9B18-1442157E3E44}"
EndProject
Project("{8BC9CEB8-8B4A-11D0-8D11-00A0C91BC942}") = "Aufgabe031", "Aufgabe031\Aufgabe031.vcxproj", "{70814236-138A-4CD9-9C36-B63C5E6EA820}"
EndProject
Project("{8BC9CEB8-8B4A-11D0-8D11-00A0C91BC942}") = "Aufgabe032", "Aufgabe032\Aufgabe032.vcxproj", "{92ACAE9B-C9DA-45A3-8BEA-67F84F378883}"
EndProject
Project("{8BC9CEB8-8B4A-11D0-8D11-00A0C91BC942}") = "Aufgabe033", "Aufgabe033\Aufgabe033.vcxproj", "{EDFE46B7-C35C-4C05-9847-84F5A26ABEE7}"
EndProject
Project("{8BC9CEB8-8B4A-11D0-8D11-00A0C91BC942}") = "Aufgabe034", "Aufgabe034\Aufgabe034.vcxproj", "{0DC212DD-E4B7-4091-B233-405BDC9EA20F}"
EndProject
Project("{8BC9CEB8-8B4A-11D0-8D11-00A0C91BC942}") = "Aufgabe035", "Aufgabe035\Aufgabe035.vcxproj", "{8AA24BCE-2A20-48FE-904D-041F5E81D3D7}"
EndProject
Project("{8BC9CEB8-8B4A-11D0-8D11-00A0C91BC942}") = "Aufgabe036", "Aufgabe036\Aufgabe036.vcxproj", "{F4A76FCD-3E8F-4B58-AC04-D2D57FEA573E}"
EndProject
Project("{8BC9CEB8-8B4A-11D0-8D11-00A0C91BC942}") = "Aufgabe037", "Aufgabe037\Aufgabe037.vcxproj", "{E5FD9832-4DE7-4062-9AA2-6B88F05597F8}"
EndProject
Project("{8BC9CEB8-8B4A-11D0-8D11-00A0C91BC942}") = "Aufgabe038", "Aufgabe038\Aufgabe038.vcxproj", "{F72C6E2A-41A4-4687-B532-86523DC2575E}"
EndProject
Project("{8BC9CEB8-8B4A-11D0-8D11-00A0C91BC942}") = "Aufgabe039", "Aufgabe039\Aufgabe039.vcxproj", "{FFC59C42-C8A0-4D00-9EB6-73991ABBE063}"
EndProject
Project("{8BC9CEB8-8B4A-11D0-8D11-00A0C91BC942}") = "Aufgabe040", "Aufgabe040\Aufgabe040.vcxproj", "{AAAF3A09-3043-4E49-B3B8-2C94650B01B5}"
EndProject
Project("{8BC9CEB8-8B4A-11D0-8D11-00A0C91BC942}") = "Aufgabe041", "Aufgabe041\Aufgabe041.vcxproj", "{04B9A379-FA91-44C7-A5A2-52FCE12DCCCB}"
EndProject
Project("{8BC9CEB8-8B4A-11D0-8D11-00A0C91BC942}") = "Aufgabe042", "Aufgabe042\Aufgabe042.vcxproj", "{1C026E27-F21A-482B-973F-EACE5999FD57}"
EndProject
Project("{8BC9CEB8-8B4A-11D0-8D11-00A0C91BC942}") = "Aufgabe043", "Aufgabe043\Aufgabe043.vcxproj", "{969C29B4-0391-48EE-A74E-62D3631FE76F}"
EndProject
Project("{8BC9CEB8-8B4A-11D0-8D11-00A0C91BC942}") = "Aufgabe044", "Aufgabe044\Aufgabe044.vcxproj", "{2185BAFC-0ADD-4AC2-B7D4-D79FD9C37A90}"
EndProject
Project("{8BC9CEB8-8B4A-11D0-8D11-00A0C91BC942}") = "Aufgabe045", "Aufgabe045\Aufgabe045.vcxproj", "{4362C5DD-2EDE-4E2B-8940-894B1C0735B0}"
EndProject
Project("{8BC9CEB8-8B4A-11D0-8D11-00A0C91BC942}") = "Aufgabe046", "Aufgabe046\Aufgabe046.vcxproj", "{15A3EB1B-0D5D-4741-A10D-E9C5F7F7C499}"
EndProject
Project("{8BC9CEB8-8B4A-11D0-8D11-00A0C91BC942}") = "Aufgabe047", "Aufgabe047\Aufgabe047.vcxproj", "{44C8C0CC-E094-47D7-B2A9-FE70EBFE55D9}"
EndProject
Project("{8BC9CEB8-8B4A-11D0-8D11-00A0C91BC942}") = "Aufgabe048", "Aufgabe048\Aufgabe048.vcxproj", "{3C960C75-03C9-4BB8-8A15-2AEAD0A33731}"
EndProject
Project("{8BC9CEB8-8B4A-11D0-8D11-00A0C91BC942}") = "Aufgabe049", "Aufgabe049\Aufgabe049.vcxproj", "{16EDD22A-812E-4E83-A899-48FE795B49D6}"
EndProject
Project("{8BC9CEB8-8B4A-11D0-8D11-00A0C91BC942}") = "Aufgabe050", "Aufgabe50\Aufgabe50.vcxproj", "{626BEDFE-FAB1-48C4-A21B-414B9B75419E}"
EndProject
Project("{8BC9CEB8-8B4A-11D0-8D11-00A0C91BC942}") = "Aufgabe051", "Aufgabe51\Aufgabe51.vcxproj", "{B8861617-97C7-4B3B-9E07-6E54BC15AA17}"
EndProject
Project("{8BC9CEB8-8B4A-11D0-8D11-00A0C91BC942}") = "Aufgabe052", "Aufgabe52\Aufgabe52.vcxproj", "{B96B0805-B010-4521-9F9F-43EF8987FBC5}"
EndProject
Project("{8BC9CEB8-8B4A-11D0-8D11-00A0C91BC942}") = "Aufgabe053", "Aufgabe53\Aufgabe53.vcxproj", "{1B527688-2A31-4BB9-9E79-9568498E838D}"
EndProject
Project("{8BC9CEB8-8B4A-11D0-8D11-00A0C91BC942}") = "Aufgabe054", "Aufgabe54\Aufgabe54.vcxproj", "{D1471942-F1C1-4F83-A0B1-3E61ACBDF8A2}"
EndProject
Project("{8BC9CEB8-8B4A-11D0-8D11-00A0C91BC942}") = "Aufgabe055", "Aufgabe55\Aufgabe55.vcxproj", "{1CFF9FE1-96D0-44C7-9959-34256DFB6EF2}"
EndProject
Project("{8BC9CEB8-8B4A-11D0-8D11-00A0C91BC942}") = "Aufgabe056", "Aufgabe56\Aufgabe56.vcxproj", "{808DA129-38DA-4935-A2CB-474AD5432F95}"
EndProject
Project("{8BC9CEB8-8B4A-11D0-8D11-00A0C91BC942}") = "Aufgabe057", "Aufgabe057\Aufgabe057.vcxproj", "{75CB1176-2C68-4BD4-AD74-BC0F02D09ED3}"
EndProject
Project("{8BC9CEB8-8B4A-11D0-8D11-00A0C91BC942}") = "Aufgabe058", "Aufgabe058\Aufgabe058.vcxproj", "{2FB677E8-FC95-4D44-A7DC-0D8655F110B7}"
EndProject
Project("{8BC9CEB8-8B4A-11D0-8D11-00A0C91BC942}") = "Aufgabe059", "Aufgabe059\Aufgabe059.vcxproj", "{1EF6042C-6D83-4CDA-8AEE-AFA8DE3A42DE}"
EndProject
Project("{8BC9CEB8-8B4A-11D0-8D11-00A0C91BC942}") = "Aufgabe060", "Aufgabe060\Aufgabe060.vcxproj", "{743ED6F3-186E-4EE3-9E46-3A39B2FED76F}"
EndProject
Project("{8BC9CEB8-8B4A-11D0-8D11-00A0C91BC942}") = "Aufgabe061", "Aufgabe061\Aufgabe061.vcxproj", "{AA4316F3-F72E-4F9F-BEAB-DB1D4347364F}"
EndProject
Project("{8BC9CEB8-8B4A-11D0-8D11-00A0C91BC942}") = "Aufgabe062", "Aufgabe062\Aufgabe062.vcxproj", "{FE48AA37-DC38-496A-9614-A8BF704C539C}"
EndProject
Project("{8BC9CEB8-8B4A-11D0-8D11-00A0C91BC942}") = "Aufgabe063", "Aufgabe063\Aufgabe063.vcxproj", "{B784F6F0-9F35-40EC-AD42-C2D0C0363764}"
EndProject
Project("{8BC9CEB8-8B4A-11D0-8D11-00A0C91BC942}") = "Aufgabe064", "Aufgabe064\Aufgabe064.vcxproj", "{F84435C9-3CF0-4853-AEEF-BB7C5324B2FA}"
EndProject
Project("{8BC9CEB8-8B4A-11D0-8D11-00A0C91BC942}") = "Aufgabe065", "Aufgabe065\Aufgabe065.vcxproj", "{526E0B31-09A1-4876-B8AF-4450C3892480}"
EndProject
Project("{8BC9CEB8-8B4A-11D0-8D11-00A0C91BC942}") = "Aufgabe066", "Aufgabe066\Aufgabe066.vcxproj", "{3BE09F93-BB1C-42B7-AD98-1DD43DBFCD15}"
EndProject
Global
	GlobalSection(SolutionConfigurationPlatforms) = preSolution
		Debug|x64 = Debug|x64
		Debug|x86 = Debug|x86
		Release|x64 = Release|x64
		Release|x86 = Release|x86
	EndGlobalSection
	GlobalSection(ProjectConfigurationPlatforms) = postSolution
		{85423FFF-5DB1-413E-B178-2738E9BB9924}.Debug|x64.ActiveCfg = Debug|x64
		{85423FFF-5DB1-413E-B178-2738E9BB9924}.Debug|x64.Build.0 = Debug|x64
		{85423FFF-5DB1-413E-B178-2738E9BB9924}.Debug|x86.ActiveCfg = Debug|Win32
		{85423FFF-5DB1-413E-B178-2738E9BB9924}.Debug|x86.Build.0 = Debug|Win32
		{85423FFF-5DB1-413E-B178-2738E9BB9924}.Release|x64.ActiveCfg = Release|x64
		{85423FFF-5DB1-413E-B178-2738E9BB9924}.Release|x64.Build.0 = Release|x64
		{85423FFF-5DB1-413E-B178-2738E9BB9924}.Release|x86.ActiveCfg = Release|Win32
		{85423FFF-5DB1-413E-B178-2738E9BB9924}.Release|x86.Build.0 = Release|Win32
		{6D16B164-67BA-495D-A50F-6475A27E2AA3}.Debug|x64.ActiveCfg = Debug|x64
		{6D16B164-67BA-495D-A50F-6475A27E2AA3}.Debug|x64.Build.0 = Debug|x64
		{6D16B164-67BA-495D-A50F-6475A27E2AA3}.Debug|x86.ActiveCfg = Debug|Win32
		{6D16B164-67BA-495D-A50F-6475A27E2AA3}.Debug|x86.Build.0 = Debug|Win32
		{6D16B164-67BA-495D-A50F-6475A27E2AA3}.Release|x64.ActiveCfg = Release|x64
		{6D16B164-67BA-495D-A50F-6475A27E2AA3}.Release|x64.Build.0 = Release|x64
		{6D16B164-67BA-495D-A50F-6475A27E2AA3}.Release|x86.ActiveCfg = Release|Win32
		{6D16B164-67BA-495D-A50F-6475A27E2AA3}.Release|x86.Build.0 = Release|Win32
		{F09A081C-5C54-4084-8700-F03907F42BB3}.Debug|x64.ActiveCfg = Debug|x64
		{F09A081C-5C54-4084-8700-F03907F42BB3}.Debug|x64.Build.0 = Debug|x64
		{F09A081C-5C54-4084-8700-F03907F42BB3}.Debug|x86.ActiveCfg = Debug|Win32
		{F09A081C-5C54-4084-8700-F03907F42BB3}.Debug|x86.Build.0 = Debug|Win32
		{F09A081C-5C54-4084-8700-F03907F42BB3}.Release|x64.ActiveCfg = Release|x64
		{F09A081C-5C54-4084-8700-F03907F42BB3}.Release|x64.Build.0 = Release|x64
		{F09A081C-5C54-4084-8700-F03907F42BB3}.Release|x86.ActiveCfg = Release|Win32
		{F09A081C-5C54-4084-8700-F03907F42BB3}.Release|x86.Build.0 = Release|Win32
		{62275EB2-7E27-4686-96AD-65F5EF21C549}.Debug|x64.ActiveCfg = Debug|x64
		{62275EB2-7E27-4686-96AD-65F5EF21C549}.Debug|x64.Build.0 = Debug|x64
		{62275EB2-7E27-4686-96AD-65F5EF21C549}.Debug|x86.ActiveCfg = Debug|Win32
		{62275EB2-7E27-4686-96AD-65F5EF21C549}.Debug|x86.Build.0 = Debug|Win32
		{62275EB2-7E27-4686-96AD-65F5EF21C549}.Release|x64.ActiveCfg = Release|x64
		{62275EB2-7E27-4686-96AD-65F5EF21C549}.Release|x64.Build.0 = Release|x64
		{62275EB2-7E27-4686-96AD-65F5EF21C549}.Release|x86.ActiveCfg = Release|Win32
		{62275EB2-7E27-4686-96AD-65F5EF21C549}.Release|x86.Build.0 = Release|Win32
		{BBD88509-887C-41EE-BACD-5CC1F0C71897}.Debug|x64.ActiveCfg = Debug|x64
		{BBD88509-887C-41EE-BACD-5CC1F0C71897}.Debug|x64.Build.0 = Debug|x64
		{BBD88509-887C-41EE-BACD-5CC1F0C71897}.Debug|x86.ActiveCfg = Debug|Win32
		{BBD88509-887C-41EE-BACD-5CC1F0C71897}.Debug|x86.Build.0 = Debug|Win32
		{BBD88509-887C-41EE-BACD-5CC1F0C71897}.Release|x64.ActiveCfg = Release|x64
		{BBD88509-887C-41EE-BACD-5CC1F0C71897}.Release|x64.Build.0 = Release|x64
		{BBD88509-887C-41EE-BACD-5CC1F0C71897}.Release|x86.ActiveCfg = Release|Win32
		{BBD88509-887C-41EE-BACD-5CC1F0C71897}.Release|x86.Build.0 = Release|Win32
		{BFF22E5B-B8B1-431D-A307-38C7A94A1676}.Debug|x64.ActiveCfg = Debug|x64
		{BFF22E5B-B8B1-431D-A307-38C7A94A1676}.Debug|x64.Build.0 = Debug|x64
		{BFF22E5B-B8B1-431D-A307-38C7A94A1676}.Debug|x86.ActiveCfg = Debug|Win32
		{BFF22E5B-B8B1-431D-A307-38C7A94A1676}.Debug|x86.Build.0 = Debug|Win32
		{BFF22E5B-B8B1-431D-A307-38C7A94A1676}.Release|x64.ActiveCfg = Release|x64
		{BFF22E5B-B8B1-431D-A307-38C7A94A1676}.Release|x64.Build.0 = Release|x64
		{BFF22E5B-B8B1-431D-A307-38C7A94A1676}.Release|x86.ActiveCfg = Release|Win32
		{BFF22E5B-B8B1-431D-A307-38C7A94A1676}.Release|x86.Build.0 = Release|Win32
		{1F7400E1-FE83-43BE-8A32-D8FB57967560}.Debug|x64.ActiveCfg = Debug|x64
		{1F7400E1-FE83-43BE-8A32-D8FB57967560}.Debug|x64.Build.0 = Debug|x64
		{1F7400E1-FE83-43BE-8A32-D8FB57967560}.Debug|x86.ActiveCfg = Debug|Win32
		{1F7400E1-FE83-43BE-8A32-D8FB57967560}.Debug|x86.Build.0 = Debug|Win32
		{1F7400E1-FE83-43BE-8A32-D8FB57967560}.Release|x64.ActiveCfg = Release|x64
		{1F7400E1-FE83-43BE-8A32-D8FB57967560}.Release|x64.Build.0 = Release|x64
		{1F7400E1-FE83-43BE-8A32-D8FB57967560}.Release|x86.ActiveCfg = Release|Win32
		{1F7400E1-FE83-43BE-8A32-D8FB57967560}.Release|x86.Build.0 = Release|Win32
		{6ACE250A-7061-44BE-BA44-CDB5F68750AF}.Debug|x64.ActiveCfg = Debug|x64
		{6ACE250A-7061-44BE-BA44-CDB5F68750AF}.Debug|x64.Build.0 = Debug|x64
		{6ACE250A-7061-44BE-BA44-CDB5F68750AF}.Debug|x86.ActiveCfg = Debug|Win32
		{6ACE250A-7061-44BE-BA44-CDB5F68750AF}.Debug|x86.Build.0 = Debug|Win32
		{6ACE250A-7061-44BE-BA44-CDB5F68750AF}.Release|x64.ActiveCfg = Release|x64
		{6ACE250A-7061-44BE-BA44-CDB5F68750AF}.Release|x64.Build.0 = Release|x64
		{6ACE250A-7061-44BE-BA44-CDB5F68750AF}.Release|x86.ActiveCfg = Release|Win32
		{6ACE250A-7061-44BE-BA44-CDB5F68750AF}.Release|x86.Build.0 = Release|Win32
		{BC0A71E8-3B60-4821-94B0-FDBBCEFC8907}.Debug|x64.ActiveCfg = Debug|x64
		{BC0A71E8-3B60-4821-94B0-FDBBCEFC8907}.Debug|x64.Build.0 = Debug|x64
		{BC0A71E8-3B60-4821-94B0-FDBBCEFC8907}.Debug|x86.ActiveCfg = Debug|Win32
		{BC0A71E8-3B60-4821-94B0-FDBBCEFC8907}.Debug|x86.Build.0 = Debug|Win32
		{BC0A71E8-3B60-4821-94B0-FDBBCEFC8907}.Release|x64.ActiveCfg = Release|x64
		{BC0A71E8-3B60-4821-94B0-FDBBCEFC8907}.Release|x64.Build.0 = Release|x64
		{BC0A71E8-3B60-4821-94B0-FDBBCEFC8907}.Release|x86.ActiveCfg = Release|Win32
		{BC0A71E8-3B60-4821-94B0-FDBBCEFC8907}.Release|x86.Build.0 = Release|Win32
		{719999E6-87FB-49A7-9AD9-452AE0239102}.Debug|x64.ActiveCfg = Debug|x64
		{719999E6-87FB-49A7-9AD9-452AE0239102}.Debug|x64.Build.0 = Debug|x64
		{719999E6-87FB-49A7-9AD9-452AE0239102}.Debug|x86.ActiveCfg = Debug|Win32
		{719999E6-87FB-49A7-9AD9-452AE0239102}.Debug|x86.Build.0 = Debug|Win32
		{719999E6-87FB-49A7-9AD9-452AE0239102}.Release|x64.ActiveCfg = Release|x64
		{719999E6-87FB-49A7-9AD9-452AE0239102}.Release|x64.Build.0 = Release|x64
		{719999E6-87FB-49A7-9AD9-452AE0239102}.Release|x86.ActiveCfg = Release|Win32
		{719999E6-87FB-49A7-9AD9-452AE0239102}.Release|x86.Build.0 = Release|Win32
		{22A47579-6842-4362-9C5A-E87CB8CC6A3E}.Debug|x64.ActiveCfg = Debug|x64
		{22A47579-6842-4362-9C5A-E87CB8CC6A3E}.Debug|x64.Build.0 = Debug|x64
		{22A47579-6842-4362-9C5A-E87CB8CC6A3E}.Debug|x86.ActiveCfg = Debug|Win32
		{22A47579-6842-4362-9C5A-E87CB8CC6A3E}.Debug|x86.Build.0 = Debug|Win32
		{22A47579-6842-4362-9C5A-E87CB8CC6A3E}.Release|x64.ActiveCfg = Release|x64
		{22A47579-6842-4362-9C5A-E87CB8CC6A3E}.Release|x64.Build.0 = Release|x64
		{22A47579-6842-4362-9C5A-E87CB8CC6A3E}.Release|x86.ActiveCfg = Release|Win32
		{22A47579-6842-4362-9C5A-E87CB8CC6A3E}.Release|x86.Build.0 = Release|Win32
		{2BA5F7D9-19E3-43DA-80E1-7F9A77D1CE46}.Debug|x64.ActiveCfg = Debug|x64
		{2BA5F7D9-19E3-43DA-80E1-7F9A77D1CE46}.Debug|x64.Build.0 = Debug|x64
		{2BA5F7D9-19E3-43DA-80E1-7F9A77D1CE46}.Debug|x86.ActiveCfg = Debug|Win32
		{2BA5F7D9-19E3-43DA-80E1-7F9A77D1CE46}.Debug|x86.Build.0 = Debug|Win32
		{2BA5F7D9-19E3-43DA-80E1-7F9A77D1CE46}.Release|x64.ActiveCfg = Release|x64
		{2BA5F7D9-19E3-43DA-80E1-7F9A77D1CE46}.Release|x64.Build.0 = Release|x64
		{2BA5F7D9-19E3-43DA-80E1-7F9A77D1CE46}.Release|x86.ActiveCfg = Release|Win32
		{2BA5F7D9-19E3-43DA-80E1-7F9A77D1CE46}.Release|x86.Build.0 = Release|Win32
		{0FE02339-828F-4BB1-A8C2-252DF463A6FA}.Debug|x64.ActiveCfg = Debug|x64
		{0FE02339-828F-4BB1-A8C2-252DF463A6FA}.Debug|x64.Build.0 = Debug|x64
		{0FE02339-828F-4BB1-A8C2-252DF463A6FA}.Debug|x86.ActiveCfg = Debug|Win32
		{0FE02339-828F-4BB1-A8C2-252DF463A6FA}.Debug|x86.Build.0 = Debug|Win32
		{0FE02339-828F-4BB1-A8C2-252DF463A6FA}.Release|x64.ActiveCfg = Release|x64
		{0FE02339-828F-4BB1-A8C2-252DF463A6FA}.Release|x64.Build.0 = Release|x64
		{0FE02339-828F-4BB1-A8C2-252DF463A6FA}.Release|x86.ActiveCfg = Release|Win32
		{0FE02339-828F-4BB1-A8C2-252DF463A6FA}.Release|x86.Build.0 = Release|Win32
		{2F76DC11-BD6C-4400-AE46-893DBD02AAFB}.Debug|x64.ActiveCfg = Debug|x64
		{2F76DC11-BD6C-4400-AE46-893DBD02AAFB}.Debug|x64.Build.0 = Debug|x64
		{2F76DC11-BD6C-4400-AE46-893DBD02AAFB}.Debug|x86.ActiveCfg = Debug|Win32
		{2F76DC11-BD6C-4400-AE46-893DBD02AAFB}.Debug|x86.Build.0 = Debug|Win32
		{2F76DC11-BD6C-4400-AE46-893DBD02AAFB}.Release|x64.ActiveCfg = Release|x64
		{2F76DC11-BD6C-4400-AE46-893DBD02AAFB}.Release|x64.Build.0 = Release|x64
		{2F76DC11-BD6C-4400-AE46-893DBD02AAFB}.Release|x86.ActiveCfg = Release|Win32
		{2F76DC11-BD6C-4400-AE46-893DBD02AAFB}.Release|x86.Build.0 = Release|Win32
		{A4A8C454-5EAD-482E-B820-101B6297DE22}.Debug|x64.ActiveCfg = Debug|x64
		{A4A8C454-5EAD-482E-B820-101B6297DE22}.Debug|x64.Build.0 = Debug|x64
		{A4A8C454-5EAD-482E-B820-101B6297DE22}.Debug|x86.ActiveCfg = Debug|Win32
		{A4A8C454-5EAD-482E-B820-101B6297DE22}.Debug|x86.Build.0 = Debug|Win32
		{A4A8C454-5EAD-482E-B820-101B6297DE22}.Release|x64.ActiveCfg = Release|x64
		{A4A8C454-5EAD-482E-B820-101B6297DE22}.Release|x64.Build.0 = Release|x64
		{A4A8C454-5EAD-482E-B820-101B6297DE22}.Release|x86.ActiveCfg = Release|Win32
		{A4A8C454-5EAD-482E-B820-101B6297DE22}.Release|x86.Build.0 = Release|Win32
		{53B93251-0907-4C3F-8A08-4C3133009F61}.Debug|x64.ActiveCfg = Debug|x64
		{53B93251-0907-4C3F-8A08-4C3133009F61}.Debug|x64.Build.0 = Debug|x64
		{53B93251-0907-4C3F-8A08-4C3133009F61}.Debug|x86.ActiveCfg = Debug|Win32
		{53B93251-0907-4C3F-8A08-4C3133009F61}.Debug|x86.Build.0 = Debug|Win32
		{53B93251-0907-4C3F-8A08-4C3133009F61}.Release|x64.ActiveCfg = Release|x64
		{53B93251-0907-4C3F-8A08-4C3133009F61}.Release|x64.Build.0 = Release|x64
		{53B93251-0907-4C3F-8A08-4C3133009F61}.Release|x86.ActiveCfg = Release|Win32
		{53B93251-0907-4C3F-8A08-4C3133009F61}.Release|x86.Build.0 = Release|Win32
		{CBE0BB80-9416-46EC-8829-892FD4797AC9}.Debug|x64.ActiveCfg = Debug|x64
		{CBE0BB80-9416-46EC-8829-892FD4797AC9}.Debug|x64.Build.0 = Debug|x64
		{CBE0BB80-9416-46EC-8829-892FD4797AC9}.Debug|x86.ActiveCfg = Debug|Win32
		{CBE0BB80-9416-46EC-8829-892FD4797AC9}.Debug|x86.Build.0 = Debug|Win32
		{CBE0BB80-9416-46EC-8829-892FD4797AC9}.Release|x64.ActiveCfg = Release|x64
		{CBE0BB80-9416-46EC-8829-892FD4797AC9}.Release|x64.Build.0 = Release|x64
		{CBE0BB80-9416-46EC-8829-892FD4797AC9}.Release|x86.ActiveCfg = Release|Win32
		{CBE0BB80-9416-46EC-8829-892FD4797AC9}.Release|x86.Build.0 = Release|Win32
		{A5B7CAD6-8FE1-40C7-B04C-D6D38F9F06E3}.Debug|x64.ActiveCfg = Debug|x64
		{A5B7CAD6-8FE1-40C7-B04C-D6D38F9F06E3}.Debug|x64.Build.0 = Debug|x64
		{A5B7CAD6-8FE1-40C7-B04C-D6D38F9F06E3}.Debug|x86.ActiveCfg = Debug|Win32
		{A5B7CAD6-8FE1-40C7-B04C-D6D38F9F06E3}.Debug|x86.Build.0 = Debug|Win32
		{A5B7CAD6-8FE1-40C7-B04C-D6D38F9F06E3}.Release|x64.ActiveCfg = Release|x64
		{A5B7CAD6-8FE1-40C7-B04C-D6D38F9F06E3}.Release|x64.Build.0 = Release|x64
		{A5B7CAD6-8FE1-40C7-B04C-D6D38F9F06E3}.Release|x86.ActiveCfg = Release|Win32
		{A5B7CAD6-8FE1-40C7-B04C-D6D38F9F06E3}.Release|x86.Build.0 = Release|Win32
		{49D02B53-E151-4CED-9DE4-AF8745920C36}.Debug|x64.ActiveCfg = Debug|x64
		{49D02B53-E151-4CED-9DE4-AF8745920C36}.Debug|x64.Build.0 = Debug|x64
		{49D02B53-E151-4CED-9DE4-AF8745920C36}.Debug|x86.ActiveCfg = Debug|Win32
		{49D02B53-E151-4CED-9DE4-AF8745920C36}.Debug|x86.Build.0 = Debug|Win32
		{49D02B53-E151-4CED-9DE4-AF8745920C36}.Release|x64.ActiveCfg = Release|x64
		{49D02B53-E151-4CED-9DE4-AF8745920C36}.Release|x64.Build.0 = Release|x64
		{49D02B53-E151-4CED-9DE4-AF8745920C36}.Release|x86.ActiveCfg = Release|Win32
		{49D02B53-E151-4CED-9DE4-AF8745920C36}.Release|x86.Build.0 = Release|Win32
		{D3C0FF95-1D4A-4686-BD22-50DE45E7DECB}.Debug|x64.ActiveCfg = Debug|x64
		{D3C0FF95-1D4A-4686-BD22-50DE45E7DECB}.Debug|x64.Build.0 = Debug|x64
		{D3C0FF95-1D4A-4686-BD22-50DE45E7DECB}.Debug|x86.ActiveCfg = Debug|Win32
		{D3C0FF95-1D4A-4686-BD22-50DE45E7DECB}.Debug|x86.Build.0 = Debug|Win32
		{D3C0FF95-1D4A-4686-BD22-50DE45E7DECB}.Release|x64.ActiveCfg = Release|x64
		{D3C0FF95-1D4A-4686-BD22-50DE45E7DECB}.Release|x64.Build.0 = Release|x64
		{D3C0FF95-1D4A-4686-BD22-50DE45E7DECB}.Release|x86.ActiveCfg = Release|Win32
		{D3C0FF95-1D4A-4686-BD22-50DE45E7DECB}.Release|x86.Build.0 = Release|Win32
		{CD4F0DDD-623E-46B0-B367-EC5EF11C571D}.Debug|x64.ActiveCfg = Debug|x64
		{CD4F0DDD-623E-46B0-B367-EC5EF11C571D}.Debug|x64.Build.0 = Debug|x64
		{CD4F0DDD-623E-46B0-B367-EC5EF11C571D}.Debug|x86.ActiveCfg = Debug|Win32
		{CD4F0DDD-623E-46B0-B367-EC5EF11C571D}.Debug|x86.Build.0 = Debug|Win32
		{CD4F0DDD-623E-46B0-B367-EC5EF11C571D}.Release|x64.ActiveCfg = Release|x64
		{CD4F0DDD-623E-46B0-B367-EC5EF11C571D}.Release|x64.Build.0 = Release|x64
		{CD4F0DDD-623E-46B0-B367-EC5EF11C571D}.Release|x86.ActiveCfg = Release|Win32
		{CD4F0DDD-623E-46B0-B367-EC5EF11C571D}.Release|x86.Build.0 = Release|Win32
		{24550169-D2AC-4AC4-B52A-2BBD28EB8787}.Debug|x64.ActiveCfg = Debug|x64
		{24550169-D2AC-4AC4-B52A-2BBD28EB8787}.Debug|x64.Build.0 = Debug|x64
		{24550169-D2AC-4AC4-B52A-2BBD28EB8787}.Debug|x86.ActiveCfg = Debug|Win32
		{24550169-D2AC-4AC4-B52A-2BBD28EB8787}.Debug|x86.Build.0 = Debug|Win32
		{24550169-D2AC-4AC4-B52A-2BBD28EB8787}.Release|x64.ActiveCfg = Release|x64
		{24550169-D2AC-4AC4-B52A-2BBD28EB8787}.Release|x64.Build.0 = Release|x64
		{24550169-D2AC-4AC4-B52A-2BBD28EB8787}.Release|x86.ActiveCfg = Release|Win32
		{24550169-D2AC-4AC4-B52A-2BBD28EB8787}.Release|x86.Build.0 = Release|Win32
		{59599B39-C4BC-421B-B68E-D1C05CBC857C}.Debug|x64.ActiveCfg = Debug|x64
		{59599B39-C4BC-421B-B68E-D1C05CBC857C}.Debug|x64.Build.0 = Debug|x64
		{59599B39-C4BC-421B-B68E-D1C05CBC857C}.Debug|x86.ActiveCfg = Debug|Win32
		{59599B39-C4BC-421B-B68E-D1C05CBC857C}.Debug|x86.Build.0 = Debug|Win32
		{59599B39-C4BC-421B-B68E-D1C05CBC857C}.Release|x64.ActiveCfg = Release|x64
		{59599B39-C4BC-421B-B68E-D1C05CBC857C}.Release|x64.Build.0 = Release|x64
		{59599B39-C4BC-421B-B68E-D1C05CBC857C}.Release|x86.ActiveCfg = Release|Win32
		{59599B39-C4BC-421B-B68E-D1C05CBC857C}.Release|x86.Build.0 = Release|Win32
		{08FF954C-CD04-49A0-8D5F-6CD90CEA0888}.Debug|x64.ActiveCfg = Debug|x64
		{08FF954C-CD04-49A0-8D5F-6CD90CEA0888}.Debug|x64.Build.0 = Debug|x64
		{08FF954C-CD04-49A0-8D5F-6CD90CEA0888}.Debug|x86.ActiveCfg = Debug|Win32
		{08FF954C-CD04-49A0-8D5F-6CD90CEA0888}.Debug|x86.Build.0 = Debug|Win32
		{08FF954C-CD04-49A0-8D5F-6CD90CEA0888}.Release|x64.ActiveCfg = Release|x64
		{08FF954C-CD04-49A0-8D5F-6CD90CEA0888}.Release|x64.Build.0 = Release|x64
		{08FF954C-CD04-49A0-8D5F-6CD90CEA0888}.Release|x86.ActiveCfg = Release|Win32
		{08FF954C-CD04-49A0-8D5F-6CD90CEA0888}.Release|x86.Build.0 = Release|Win32
		{957E314D-818F-4836-9B18-1442157E3E44}.Debug|x64.ActiveCfg = Debug|x64
		{957E314D-818F-4836-9B18-1442157E3E44}.Debug|x64.Build.0 = Debug|x64
		{957E314D-818F-4836-9B18-1442157E3E44}.Debug|x86.ActiveCfg = Debug|Win32
		{957E314D-818F-4836-9B18-1442157E3E44}.Debug|x86.Build.0 = Debug|Win32
		{957E314D-818F-4836-9B18-1442157E3E44}.Release|x64.ActiveCfg = Release|x64
		{957E314D-818F-4836-9B18-1442157E3E44}.Release|x64.Build.0 = Release|x64
		{957E314D-818F-4836-9B18-1442157E3E44}.Release|x86.ActiveCfg = Release|Win32
		{957E314D-818F-4836-9B18-1442157E3E44}.Release|x86.Build.0 = Release|Win32
		{70814236-138A-4CD9-9C36-B63C5E6EA820}.Debug|x64.ActiveCfg = Debug|x64
		{70814236-138A-4CD9-9C36-B63C5E6EA820}.Debug|x64.Build.0 = Debug|x64
		{70814236-138A-4CD9-9C36-B63C5E6EA820}.Debug|x86.ActiveCfg = Debug|Win32
		{70814236-138A-4CD9-9C36-B63C5E6EA820}.Debug|x86.Build.0 = Debug|Win32
		{70814236-138A-4CD9-9C36-B63C5E6EA820}.Release|x64.ActiveCfg = Release|x64
		{70814236-138A-4CD9-9C36-B63C5E6EA820}.Release|x64.Build.0 = Release|x64
		{70814236-138A-4CD9-9C36-B63C5E6EA820}.Release|x86.ActiveCfg = Release|Win32
		{70814236-138A-4CD9-9C36-B63C5E6EA820}.Release|x86.Build.0 = Release|Win32
		{92ACAE9B-C9DA-45A3-8BEA-67F84F378883}.Debug|x64.ActiveCfg = Debug|x64
		{92ACAE9B-C9DA-45A3-8BEA-67F84F378883}.Debug|x64.Build.0 = Debug|x64
		{92ACAE9B-C9DA-45A3-8BEA-67F84F378883}.Debug|x86.ActiveCfg = Debug|Win32
		{92ACAE9B-C9DA-45A3-8BEA-67F84F378883}.Debug|x86.Build.0 = Debug|Win32
		{92ACAE9B-C9DA-45A3-8BEA-67F84F378883}.Release|x64.ActiveCfg = Release|x64
		{92ACAE9B-C9DA-45A3-8BEA-67F84F378883}.Release|x64.Build.0 = Release|x64
		{92ACAE9B-C9DA-45A3-8BEA-67F84F378883}.Release|x86.ActiveCfg = Release|Win32
		{92ACAE9B-C9DA-45A3-8BEA-67F84F378883}.Release|x86.Build.0 = Release|Win32
		{EDFE46B7-C35C-4C05-9847-84F5A26ABEE7}.Debug|x64.ActiveCfg = Debug|x64
		{EDFE46B7-C35C-4C05-9847-84F5A26ABEE7}.Debug|x64.Build.0 = Debug|x64
		{EDFE46B7-C35C-4C05-9847-84F5A26ABEE7}.Debug|x86.ActiveCfg = Debug|Win32
		{EDFE46B7-C35C-4C05-9847-84F5A26ABEE7}.Debug|x86.Build.0 = Debug|Win32
		{EDFE46B7-C35C-4C05-9847-84F5A26ABEE7}.Release|x64.ActiveCfg = Release|x64
		{EDFE46B7-C35C-4C05-9847-84F5A26ABEE7}.Release|x64.Build.0 = Release|x64
		{EDFE46B7-C35C-4C05-9847-84F5A26ABEE7}.Release|x86.ActiveCfg = Release|Win32
		{EDFE46B7-C35C-4C05-9847-84F5A26ABEE7}.Release|x86.Build.0 = Release|Win32
		{0DC212DD-E4B7-4091-B233-405BDC9EA20F}.Debug|x64.ActiveCfg = Debug|x64
		{0DC212DD-E4B7-4091-B233-405BDC9EA20F}.Debug|x64.Build.0 = Debug|x64
		{0DC212DD-E4B7-4091-B233-405BDC9EA20F}.Debug|x86.ActiveCfg = Debug|Win32
		{0DC212DD-E4B7-4091-B233-405BDC9EA20F}.Debug|x86.Build.0 = Debug|Win32
		{0DC212DD-E4B7-4091-B233-405BDC9EA20F}.Release|x64.ActiveCfg = Release|x64
		{0DC212DD-E4B7-4091-B233-405BDC9EA20F}.Release|x64.Build.0 = Release|x64
		{0DC212DD-E4B7-4091-B233-405BDC9EA20F}.Release|x86.ActiveCfg = Release|Win32
		{0DC212DD-E4B7-4091-B233-405BDC9EA20F}.Release|x86.Build.0 = Release|Win32
		{8AA24BCE-2A20-48FE-904D-041F5E81D3D7}.Debug|x64.ActiveCfg = Debug|x64
		{8AA24BCE-2A20-48FE-904D-041F5E81D3D7}.Debug|x64.Build.0 = Debug|x64
		{8AA24BCE-2A20-48FE-904D-041F5E81D3D7}.Debug|x86.ActiveCfg = Debug|Win32
		{8AA24BCE-2A20-48FE-904D-041F5E81D3D7}.Debug|x86.Build.0 = Debug|Win32
		{8AA24BCE-2A20-48FE-904D-041F5E81D3D7}.Release|x64.ActiveCfg = Release|x64
		{8AA24BCE-2A20-48FE-904D-041F5E81D3D7}.Release|x64.Build.0 = Release|x64
		{8AA24BCE-2A20-48FE-904D-041F5E81D3D7}.Release|x86.ActiveCfg = Release|Win32
		{8AA24BCE-2A20-48FE-904D-041F5E81D3D7}.Release|x86.Build.0 = Release|Win32
		{F4A76FCD-3E8F-4B58-AC04-D2D57FEA573E}.Debug|x64.ActiveCfg = Debug|x64
		{F4A76FCD-3E8F-4B58-AC04-D2D57FEA573E}.Debug|x64.Build.0 = Debug|x64
		{F4A76FCD-3E8F-4B58-AC04-D2D57FEA573E}.Debug|x86.ActiveCfg = Debug|Win32
		{F4A76FCD-3E8F-4B58-AC04-D2D57FEA573E}.Debug|x86.Build.0 = Debug|Win32
		{F4A76FCD-3E8F-4B58-AC04-D2D57FEA573E}.Release|x64.ActiveCfg = Release|x64
		{F4A76FCD-3E8F-4B58-AC04-D2D57FEA573E}.Release|x64.Build.0 = Release|x64
		{F4A76FCD-3E8F-4B58-AC04-D2D57FEA573E}.Release|x86.ActiveCfg = Release|Win32
		{F4A76FCD-3E8F-4B58-AC04-D2D57FEA573E}.Release|x86.Build.0 = Release|Win32
		{E5FD9832-4DE7-4062-9AA2-6B88F05597F8}.Debug|x64.ActiveCfg = Debug|x64
		{E5FD9832-4DE7-4062-9AA2-6B88F05597F8}.Debug|x64.Build.0 = Debug|x64
		{E5FD9832-4DE7-4062-9AA2-6B88F05597F8}.Debug|x86.ActiveCfg = Debug|Win32
		{E5FD9832-4DE7-4062-9AA2-6B88F05597F8}.Debug|x86.Build.0 = Debug|Win32
		{E5FD9832-4DE7-4062-9AA2-6B88F05597F8}.Release|x64.ActiveCfg = Release|x64
		{E5FD9832-4DE7-4062-9AA2-6B88F05597F8}.Release|x64.Build.0 = Release|x64
		{E5FD9832-4DE7-4062-9AA2-6B88F05597F8}.Release|x86.ActiveCfg = Release|Win32
		{E5FD9832-4DE7-4062-9AA2-6B88F05597F8}.Release|x86.Build.0 = Release|Win32
		{F72C6E2A-41A4-4687-B532-86523DC2575E}.Debug|x64.ActiveCfg = Debug|x64
		{F72C6E2A-41A4-4687-B532-86523DC2575E}.Debug|x64.Build.0 = Debug|x64
		{F72C6E2A-41A4-4687-B532-86523DC2575E}.Debug|x86.ActiveCfg = Debug|Win32
		{F72C6E2A-41A4-4687-B532-86523DC2575E}.Debug|x86.Build.0 = Debug|Win32
		{F72C6E2A-41A4-4687-B532-86523DC2575E}.Release|x64.ActiveCfg = Release|x64
		{F72C6E2A-41A4-4687-B532-86523DC2575E}.Release|x64.Build.0 = Release|x64
		{F72C6E2A-41A4-4687-B532-86523DC2575E}.Release|x86.ActiveCfg = Release|Win32
		{F72C6E2A-41A4-4687-B532-86523DC2575E}.Release|x86.Build.0 = Release|Win32
		{FFC59C42-C8A0-4D00-9EB6-73991ABBE063}.Debug|x64.ActiveCfg = Debug|x64
		{FFC59C42-C8A0-4D00-9EB6-73991ABBE063}.Debug|x64.Build.0 = Debug|x64
		{FFC59C42-C8A0-4D00-9EB6-73991ABBE063}.Debug|x86.ActiveCfg = Debug|Win32
		{FFC59C42-C8A0-4D00-9EB6-73991ABBE063}.Debug|x86.Build.0 = Debug|Win32
		{FFC59C42-C8A0-4D00-9EB6-73991ABBE063}.Release|x64.ActiveCfg = Release|x64
		{FFC59C42-C8A0-4D00-9EB6-73991ABBE063}.Release|x64.Build.0 = Release|x64
		{FFC59C42-C8A0-4D00-9EB6-73991ABBE063}.Release|x86.ActiveCfg = Release|Win32
		{FFC59C42-C8A0-4D00-9EB6-73991ABBE063}.Release|x86.Build.0 = Release|Win32
		{AAAF3A09-3043-4E49-B3B8-2C94650B01B5}.Debug|x64.ActiveCfg = Debug|x64
		{AAAF3A09-3043-4E49-B3B8-2C94650B01B5}.Debug|x64.Build.0 = Debug|x64
		{AAAF3A09-3043-4E49-B3B8-2C94650B01B5}.Debug|x86.ActiveCfg = Debug|Win32
		{AAAF3A09-3043-4E49-B3B8-2C94650B01B5}.Debug|x86.Build.0 = Debug|Win32
		{AAAF3A09-3043-4E49-B3B8-2C94650B01B5}.Release|x64.ActiveCfg = Release|x64
		{AAAF3A09-3043-4E49-B3B8-2C94650B01B5}.Release|x64.Build.0 = Release|x64
		{AAAF3A09-3043-4E49-B3B8-2C94650B01B5}.Release|x86.ActiveCfg = Release|Win32
		{AAAF3A09-3043-4E49-B3B8-2C94650B01B5}.Release|x86.Build.0 = Release|Win32
		{04B9A379-FA91-44C7-A5A2-52FCE12DCCCB}.Debug|x64.ActiveCfg = Debug|x64
		{04B9A379-FA91-44C7-A5A2-52FCE12DCCCB}.Debug|x64.Build.0 = Debug|x64
		{04B9A379-FA91-44C7-A5A2-52FCE12DCCCB}.Debug|x86.ActiveCfg = Debug|Win32
		{04B9A379-FA91-44C7-A5A2-52FCE12DCCCB}.Debug|x86.Build.0 = Debug|Win32
		{04B9A379-FA91-44C7-A5A2-52FCE12DCCCB}.Release|x64.ActiveCfg = Release|x64
		{04B9A379-FA91-44C7-A5A2-52FCE12DCCCB}.Release|x64.Build.0 = Release|x64
		{04B9A379-FA91-44C7-A5A2-52FCE12DCCCB}.Release|x86.ActiveCfg = Release|Win32
		{04B9A379-FA91-44C7-A5A2-52FCE12DCCCB}.Release|x86.Build.0 = Release|Win32
		{1C026E27-F21A-482B-973F-EACE5999FD57}.Debug|x64.ActiveCfg = Debug|x64
		{1C026E27-F21A-482B-973F-EACE5999FD57}.Debug|x64.Build.0 = Debug|x64
		{1C026E27-F21A-482B-973F-EACE5999FD57}.Debug|x86.ActiveCfg = Debug|Win32
		{1C026E27-F21A-482B-973F-EACE5999FD57}.Debug|x86.Build.0 = Debug|Win32
		{1C026E27-F21A-482B-973F-EACE5999FD57}.Release|x64.ActiveCfg = Release|x64
		{1C026E27-F21A-482B-973F-EACE5999FD57}.Release|x64.Build.0 = Release|x64
		{1C026E27-F21A-482B-973F-EACE5999FD57}.Release|x86.ActiveCfg = Release|Win32
		{1C026E27-F21A-482B-973F-EACE5999FD57}.Release|x86.Build.0 = Release|Win32
		{969C29B4-0391-48EE-A74E-62D3631FE76F}.Debug|x64.ActiveCfg = Debug|x64
		{969C29B4-0391-48EE-A74E-62D3631FE76F}.Debug|x64.Build.0 = Debug|x64
		{969C29B4-0391-48EE-A74E-62D3631FE76F}.Debug|x86.ActiveCfg = Debug|Win32
		{969C29B4-0391-48EE-A74E-62D3631FE76F}.Debug|x86.Build.0 = Debug|Win32
		{969C29B4-0391-48EE-A74E-62D3631FE76F}.Release|x64.ActiveCfg = Release|x64
		{969C29B4-0391-48EE-A74E-62D3631FE76F}.Release|x64.Build.0 = Release|x64
		{969C29B4-0391-48EE-A74E-62D3631FE76F}.Release|x86.ActiveCfg = Release|Win32
		{969C29B4-0391-48EE-A74E-62D3631FE76F}.Release|x86.Build.0 = Release|Win32
		{2185BAFC-0ADD-4AC2-B7D4-D79FD9C37A90}.Debug|x64.ActiveCfg = Debug|x64
		{2185BAFC-0ADD-4AC2-B7D4-D79FD9C37A90}.Debug|x64.Build.0 = Debug|x64
		{2185BAFC-0ADD-4AC2-B7D4-D79FD9C37A90}.Debug|x86.ActiveCfg = Debug|Win32
		{2185BAFC-0ADD-4AC2-B7D4-D79FD9C37A90}.Debug|x86.Build.0 = Debug|Win32
		{2185BAFC-0ADD-4AC2-B7D4-D79FD9C37A90}.Release|x64.ActiveCfg = Release|x64
		{2185BAFC-0ADD-4AC2-B7D4-D79FD9C37A90}.Release|x64.Build.0 = Release|x64
		{2185BAFC-0ADD-4AC2-B7D4-D79FD9C37A90}.Release|x86.ActiveCfg = Release|Win32
		{2185BAFC-0ADD-4AC2-B7D4-D79FD9C37A90}.Release|x86.Build.0 = Release|Win32
		{4362C5DD-2EDE-4E2B-8940-894B1C0735B0}.Debug|x64.ActiveCfg = Debug|x64
		{4362C5DD-2EDE-4E2B-8940-894B1C0735B0}.Debug|x64.Build.0 = Debug|x64
		{4362C5DD-2EDE-4E2B-8940-894B1C0735B0}.Debug|x86.ActiveCfg = Debug|Win32
		{4362C5DD-2EDE-4E2B-8940-894B1C0735B0}.Debug|x86.Build.0 = Debug|Win32
		{4362C5DD-2EDE-4E2B-8940-894B1C0735B0}.Release|x64.ActiveCfg = Release|x64
		{4362C5DD-2EDE-4E2B-8940-894B1C0735B0}.Release|x64.Build.0 = Release|x64
		{4362C5DD-2EDE-4E2B-8940-894B1C0735B0}.Release|x86.ActiveCfg = Release|Win32
		{4362C5DD-2EDE-4E2B-8940-894B1C0735B0}.Release|x86.Build.0 = Release|Win32
		{15A3EB1B-0D5D-4741-A10D-E9C5F7F7C499}.Debug|x64.ActiveCfg = Debug|x64
		{15A3EB1B-0D5D-4741-A10D-E9C5F7F7C499}.Debug|x64.Build.0 = Debug|x64
		{15A3EB1B-0D5D-4741-A10D-E9C5F7F7C499}.Debug|x86.ActiveCfg = Debug|Win32
		{15A3EB1B-0D5D-4741-A10D-E9C5F7F7C499}.Debug|x86.Build.0 = Debug|Win32
		{15A3EB1B-0D5D-4741-A10D-E9C5F7F7C499}.Release|x64.ActiveCfg = Release|x64
		{15A3EB1B-0D5D-4741-A10D-E9C5F7F7C499}.Release|x64.Build.0 = Release|x64
		{15A3EB1B-0D5D-4741-A10D-E9C5F7F7C499}.Release|x86.ActiveCfg = Release|Win32
		{15A3EB1B-0D5D-4741-A10D-E9C5F7F7C499}.Release|x86.Build.0 = Release|Win32
		{44C8C0CC-E094-47D7-B2A9-FE70EBFE55D9}.Debug|x64.ActiveCfg = Debug|x64
		{44C8C0CC-E094-47D7-B2A9-FE70EBFE55D9}.Debug|x64.Build.0 = Debug|x64
		{44C8C0CC-E094-47D7-B2A9-FE70EBFE55D9}.Debug|x86.ActiveCfg = Debug|Win32
		{44C8C0CC-E094-47D7-B2A9-FE70EBFE55D9}.Debug|x86.Build.0 = Debug|Win32
		{44C8C0CC-E094-47D7-B2A9-FE70EBFE55D9}.Release|x64.ActiveCfg = Release|x64
		{44C8C0CC-E094-47D7-B2A9-FE70EBFE55D9}.Release|x64.Build.0 = Release|x64
		{44C8C0CC-E094-47D7-B2A9-FE70EBFE55D9}.Release|x86.ActiveCfg = Release|Win32
		{44C8C0CC-E094-47D7-B2A9-FE70EBFE55D9}.Release|x86.Build.0 = Release|Win32
		{3C960C75-03C9-4BB8-8A15-2AEAD0A33731}.Debug|x64.ActiveCfg = Debug|x64
		{3C960C75-03C9-4BB8-8A15-2AEAD0A33731}.Debug|x64.Build.0 = Debug|x64
		{3C960C75-03C9-4BB8-8A15-2AEAD0A33731}.Debug|x86.ActiveCfg = Debug|Win32
		{3C960C75-03C9-4BB8-8A15-2AEAD0A33731}.Debug|x86.Build.0 = Debug|Win32
		{3C960C75-03C9-4BB8-8A15-2AEAD0A33731}.Release|x64.ActiveCfg = Release|x64
		{3C960C75-03C9-4BB8-8A15-2AEAD0A33731}.Release|x64.Build.0 = Release|x64
		{3C960C75-03C9-4BB8-8A15-2AEAD0A33731}.Release|x86.ActiveCfg = Release|Win32
		{3C960C75-03C9-4BB8-8A15-2AEAD0A33731}.Release|x86.Build.0 = Release|Win32
		{16EDD22A-812E-4E83-A899-48FE795B49D6}.Debug|x64.ActiveCfg = Debug|x64
		{16EDD22A-812E-4E83-A899-48FE795B49D6}.Debug|x64.Build.0 = Debug|x64
		{16EDD22A-812E-4E83-A899-48FE795B49D6}.Debug|x86.ActiveCfg = Debug|Win32
		{16EDD22A-812E-4E83-A899-48FE795B49D6}.Debug|x86.Build.0 = Debug|Win32
		{16EDD22A-812E-4E83-A899-48FE795B49D6}.Release|x64.ActiveCfg = Release|x64
		{16EDD22A-812E-4E83-A899-48FE795B49D6}.Release|x64.Build.0 = Release|x64
		{16EDD22A-812E-4E83-A899-48FE795B49D6}.Release|x86.ActiveCfg = Release|Win32
		{16EDD22A-812E-4E83-A899-48FE795B49D6}.Release|x86.Build.0 = Release|Win32
		{626BEDFE-FAB1-48C4-A21B-414B9B75419E}.Debug|x64.ActiveCfg = Debug|x64
		{626BEDFE-FAB1-48C4-A21B-414B9B75419E}.Debug|x64.Build.0 = Debug|x64
		{626BEDFE-FAB1-48C4-A21B-414B9B75419E}.Debug|x86.ActiveCfg = Debug|Win32
		{626BEDFE-FAB1-48C4-A21B-414B9B75419E}.Debug|x86.Build.0 = Debug|Win32
		{626BEDFE-FAB1-48C4-A21B-414B9B75419E}.Release|x64.ActiveCfg = Release|x64
		{626BEDFE-FAB1-48C4-A21B-414B9B75419E}.Release|x64.Build.0 = Release|x64
		{626BEDFE-FAB1-48C4-A21B-414B9B75419E}.Release|x86.ActiveCfg = Release|Win32
		{626BEDFE-FAB1-48C4-A21B-414B9B75419E}.Release|x86.Build.0 = Release|Win32
		{B8861617-97C7-4B3B-9E07-6E54BC15AA17}.Debug|x64.ActiveCfg = Debug|x64
		{B8861617-97C7-4B3B-9E07-6E54BC15AA17}.Debug|x64.Build.0 = Debug|x64
		{B8861617-97C7-4B3B-9E07-6E54BC15AA17}.Debug|x86.ActiveCfg = Debug|Win32
		{B8861617-97C7-4B3B-9E07-6E54BC15AA17}.Debug|x86.Build.0 = Debug|Win32
		{B8861617-97C7-4B3B-9E07-6E54BC15AA17}.Release|x64.ActiveCfg = Release|x64
		{B8861617-97C7-4B3B-9E07-6E54BC15AA17}.Release|x64.Build.0 = Release|x64
		{B8861617-97C7-4B3B-9E07-6E54BC15AA17}.Release|x86.ActiveCfg = Release|Win32
		{B8861617-97C7-4B3B-9E07-6E54BC15AA17}.Release|x86.Build.0 = Release|Win32
		{B96B0805-B010-4521-9F9F-43EF8987FBC5}.Debug|x64.ActiveCfg = Debug|x64
		{B96B0805-B010-4521-9F9F-43EF8987FBC5}.Debug|x64.Build.0 = Debug|x64
		{B96B0805-B010-4521-9F9F-43EF8987FBC5}.Debug|x86.ActiveCfg = Debug|Win32
		{B96B0805-B010-4521-9F9F-43EF8987FBC5}.Debug|x86.Build.0 = Debug|Win32
		{B96B0805-B010-4521-9F9F-43EF8987FBC5}.Release|x64.ActiveCfg = Release|x64
		{B96B0805-B010-4521-9F9F-43EF8987FBC5}.Release|x64.Build.0 = Release|x64
		{B96B0805-B010-4521-9F9F-43EF8987FBC5}.Release|x86.ActiveCfg = Release|Win32
		{B96B0805-B010-4521-9F9F-43EF8987FBC5}.Release|x86.Build.0 = Release|Win32
		{1B527688-2A31-4BB9-9E79-9568498E838D}.Debug|x64.ActiveCfg = Debug|x64
		{1B527688-2A31-4BB9-9E79-9568498E838D}.Debug|x64.Build.0 = Debug|x64
		{1B527688-2A31-4BB9-9E79-9568498E838D}.Debug|x86.ActiveCfg = Debug|Win32
		{1B527688-2A31-4BB9-9E79-9568498E838D}.Debug|x86.Build.0 = Debug|Win32
		{1B527688-2A31-4BB9-9E79-9568498E838D}.Release|x64.ActiveCfg = Release|x64
		{1B527688-2A31-4BB9-9E79-9568498E838D}.Release|x64.Build.0 = Release|x64
		{1B527688-2A31-4BB9-9E79-9568498E838D}.Release|x86.ActiveCfg = Release|Win32
		{1B527688-2A31-4BB9-9E79-9568498E838D}.Release|x86.Build.0 = Release|Win32
		{D1471942-F1C1-4F83-A0B1-3E61ACBDF8A2}.Debug|x64.ActiveCfg = Debug|x64
		{D1471942-F1C1-4F83-A0B1-3E61ACBDF8A2}.Debug|x64.Build.0 = Debug|x64
		{D1471942-F1C1-4F83-A0B1-3E61ACBDF8A2}.Debug|x86.ActiveCfg = Debug|Win32
		{D1471942-F1C1-4F83-A0B1-3E61ACBDF8A2}.Debug|x86.Build.0 = Debug|Win32
		{D1471942-F1C1-4F83-A0B1-3E61ACBDF8A2}.Release|x64.ActiveCfg = Release|x64
		{D1471942-F1C1-4F83-A0B1-3E61ACBDF8A2}.Release|x64.Build.0 = Release|x64
		{D1471942-F1C1-4F83-A0B1-3E61ACBDF8A2}.Release|x86.ActiveCfg = Release|Win32
		{D1471942-F1C1-4F83-A0B1-3E61ACBDF8A2}.Release|x86.Build.0 = Release|Win32
		{1CFF9FE1-96D0-44C7-9959-34256DFB6EF2}.Debug|x64.ActiveCfg = Debug|x64
		{1CFF9FE1-96D0-44C7-9959-34256DFB6EF2}.Debug|x64.Build.0 = Debug|x64
		{1CFF9FE1-96D0-44C7-9959-34256DFB6EF2}.Debug|x86.ActiveCfg = Debug|Win32
		{1CFF9FE1-96D0-44C7-9959-34256DFB6EF2}.Debug|x86.Build.0 = Debug|Win32
		{1CFF9FE1-96D0-44C7-9959-34256DFB6EF2}.Release|x64.ActiveCfg = Release|x64
		{1CFF9FE1-96D0-44C7-9959-34256DFB6EF2}.Release|x64.Build.0 = Release|x64
		{1CFF9FE1-96D0-44C7-9959-34256DFB6EF2}.Release|x86.ActiveCfg = Release|Win32
		{1CFF9FE1-96D0-44C7-9959-34256DFB6EF2}.Release|x86.Build.0 = Release|Win32
		{808DA129-38DA-4935-A2CB-474AD5432F95}.Debug|x64.ActiveCfg = Debug|x64
		{808DA129-38DA-4935-A2CB-474AD5432F95}.Debug|x64.Build.0 = Debug|x64
		{808DA129-38DA-4935-A2CB-474AD5432F95}.Debug|x86.ActiveCfg = Debug|Win32
		{808DA129-38DA-4935-A2CB-474AD5432F95}.Debug|x86.Build.0 = Debug|Win32
		{808DA129-38DA-4935-A2CB-474AD5432F95}.Release|x64.ActiveCfg = Release|x64
		{808DA129-38DA-4935-A2CB-474AD5432F95}.Release|x64.Build.0 = Release|x64
		{808DA129-38DA-4935-A2CB-474AD5432F95}.Release|x86.ActiveCfg = Release|Win32
		{808DA129-38DA-4935-A2CB-474AD5432F95}.Release|x86.Build.0 = Release|Win32
		{75CB1176-2C68-4BD4-AD74-BC0F02D09ED3}.Debug|x64.ActiveCfg = Debug|x64
		{75CB1176-2C68-4BD4-AD74-BC0F02D09ED3}.Debug|x64.Build.0 = Debug|x64
		{75CB1176-2C68-4BD4-AD74-BC0F02D09ED3}.Debug|x86.ActiveCfg = Debug|Win32
		{75CB1176-2C68-4BD4-AD74-BC0F02D09ED3}.Debug|x86.Build.0 = Debug|Win32
		{75CB1176-2C68-4BD4-AD74-BC0F02D09ED3}.Release|x64.ActiveCfg = Release|x64
		{75CB1176-2C68-4BD4-AD74-BC0F02D09ED3}.Release|x64.Build.0 = Release|x64
		{75CB1176-2C68-4BD4-AD74-BC0F02D09ED3}.Release|x86.ActiveCfg = Release|Win32
		{75CB1176-2C68-4BD4-AD74-BC0F02D09ED3}.Release|x86.Build.0 = Release|Win32
		{2FB677E8-FC95-4D44-A7DC-0D8655F110B7}.Debug|x64.ActiveCfg = Debug|x64
		{2FB677E8-FC95-4D44-A7DC-0D8655F110B7}.Debug|x64.Build.0 = Debug|x64
		{2FB677E8-FC95-4D44-A7DC-0D8655F110B7}.Debug|x86.ActiveCfg = Debug|Win32
		{2FB677E8-FC95-4D44-A7DC-0D8655F110B7}.Debug|x86.Build.0 = Debug|Win32
		{2FB677E8-FC95-4D44-A7DC-0D8655F110B7}.Release|x64.ActiveCfg = Release|x64
		{2FB677E8-FC95-4D44-A7DC-0D8655F110B7}.Release|x64.Build.0 = Release|x64
		{2FB677E8-FC95-4D44-A7DC-0D8655F110B7}.Release|x86.ActiveCfg = Release|Win32
		{2FB677E8-FC95-4D44-A7DC-0D8655F110B7}.Release|x86.Build.0 = Release|Win32
		{1EF6042C-6D83-4CDA-8AEE-AFA8DE3A42DE}.Debug|x64.ActiveCfg = Debug|x64
		{1EF6042C-6D83-4CDA-8AEE-AFA8DE3A42DE}.Debug|x64.Build.0 = Debug|x64
		{1EF6042C-6D83-4CDA-8AEE-AFA8DE3A42DE}.Debug|x86.ActiveCfg = Debug|Win32
		{1EF6042C-6D83-4CDA-8AEE-AFA8DE3A42DE}.Debug|x86.Build.0 = Debug|Win32
		{1EF6042C-6D83-4CDA-8AEE-AFA8DE3A42DE}.Release|x64.ActiveCfg = Release|x64
		{1EF6042C-6D83-4CDA-8AEE-AFA8DE3A42DE}.Release|x64.Build.0 = Release|x64
		{1EF6042C-6D83-4CDA-8AEE-AFA8DE3A42DE}.Release|x86.ActiveCfg = Release|Win32
		{1EF6042C-6D83-4CDA-8AEE-AFA8DE3A42DE}.Release|x86.Build.0 = Release|Win32
		{743ED6F3-186E-4EE3-9E46-3A39B2FED76F}.Debug|x64.ActiveCfg = Debug|x64
		{743ED6F3-186E-4EE3-9E46-3A39B2FED76F}.Debug|x64.Build.0 = Debug|x64
		{743ED6F3-186E-4EE3-9E46-3A39B2FED76F}.Debug|x86.ActiveCfg = Debug|Win32
		{743ED6F3-186E-4EE3-9E46-3A39B2FED76F}.Debug|x86.Build.0 = Debug|Win32
		{743ED6F3-186E-4EE3-9E46-3A39B2FED76F}.Release|x64.ActiveCfg = Release|x64
		{743ED6F3-186E-4EE3-9E46-3A39B2FED76F}.Release|x64.Build.0 = Release|x64
		{743ED6F3-186E-4EE3-9E46-3A39B2FED76F}.Release|x86.ActiveCfg = Release|Win32
		{743ED6F3-186E-4EE3-9E46-3A39B2FED76F}.Release|x86.Build.0 = Release|Win32
		{AA4316F3-F72E-4F9F-BEAB-DB1D4347364F}.Debug|x64.ActiveCfg = Debug|x64
		{AA4316F3-F72E-4F9F-BEAB-DB1D4347364F}.Debug|x64.Build.0 = Debug|x64
		{AA4316F3-F72E-4F9F-BEAB-DB1D4347364F}.Debug|x86.ActiveCfg = Debug|Win32
		{AA4316F3-F72E-4F9F-BEAB-DB1D4347364F}.Debug|x86.Build.0 = Debug|Win32
		{AA4316F3-F72E-4F9F-BEAB-DB1D4347364F}.Release|x64.ActiveCfg = Release|x64
		{AA4316F3-F72E-4F9F-BEAB-DB1D4347364F}.Release|x64.Build.0 = Release|x64
		{AA4316F3-F72E-4F9F-BEAB-DB1D4347364F}.Release|x86.ActiveCfg = Release|Win32
		{AA4316F3-F72E-4F9F-BEAB-DB1D4347364F}.Release|x86.Build.0 = Release|Win32
		{FE48AA37-DC38-496A-9614-A8BF704C539C}.Debug|x64.ActiveCfg = Debug|x64
		{FE48AA37-DC38-496A-9614-A8BF704C539C}.Debug|x64.Build.0 = Debug|x64
		{FE48AA37-DC38-496A-9614-A8BF704C539C}.Debug|x86.ActiveCfg = Debug|Win32
		{FE48AA37-DC38-496A-9614-A8BF704C539C}.Debug|x86.Build.0 = Debug|Win32
		{FE48AA37-DC38-496A-9614-A8BF704C539C}.Release|x64.ActiveCfg = Release|x64
		{FE48AA37-DC38-496A-9614-A8BF704C539C}.Release|x64.Build.0 = Release|x64
		{FE48AA37-DC38-496A-9614-A8BF704C539C}.Release|x86.ActiveCfg = Release|Win32
		{FE48AA37-DC38-496A-9614-A8BF704C539C}.Release|x86.Build.0 = Release|Win32
		{B784F6F0-9F35-40EC-AD42-C2D0C0363764}.Debug|x64.ActiveCfg = Debug|x64
		{B784F6F0-9F35-40EC-AD42-C2D0C0363764}.Debug|x64.Build.0 = Debug|x64
		{B784F6F0-9F35-40EC-AD42-C2D0C0363764}.Debug|x86.ActiveCfg = Debug|Win32
		{B784F6F0-9F35-40EC-AD42-C2D0C0363764}.Debug|x86.Build.0 = Debug|Win32
		{B784F6F0-9F35-40EC-AD42-C2D0C0363764}.Release|x64.ActiveCfg = Release|x64
		{B784F6F0-9F35-40EC-AD42-C2D0C0363764}.Release|x64.Build.0 = Release|x64
		{B784F6F0-9F35-40EC-AD42-C2D0C0363764}.Release|x86.ActiveCfg = Release|Win32
		{B784F6F0-9F35-40EC-AD42-C2D0C0363764}.Release|x86.Build.0 = Release|Win32
		{F84435C9-3CF0-4853-AEEF-BB7C5324B2FA}.Debug|x64.ActiveCfg = Debug|x64
		{F84435C9-3CF0-4853-AEEF-BB7C5324B2FA}.Debug|x64.Build.0 = Debug|x64
		{F84435C9-3CF0-4853-AEEF-BB7C5324B2FA}.Debug|x86.ActiveCfg = Debug|Win32
		{F84435C9-3CF0-4853-AEEF-BB7C5324B2FA}.Debug|x86.Build.0 = Debug|Win32
		{F84435C9-3CF0-4853-AEEF-BB7C5324B2FA}.Release|x64.ActiveCfg = Release|x64
		{F84435C9-3CF0-4853-AEEF-BB7C5324B2FA}.Release|x64.Build.0 = Release|x64
		{F84435C9-3CF0-4853-AEEF-BB7C5324B2FA}.Release|x86.ActiveCfg = Release|Win32
		{F84435C9-3CF0-4853-AEEF-BB7C5324B2FA}.Release|x86.Build.0 = Release|Win32
		{526E0B31-09A1-4876-B8AF-4450C3892480}.Debug|x64.ActiveCfg = Debug|x64
		{526E0B31-09A1-4876-B8AF-4450C3892480}.Debug|x64.Build.0 = Debug|x64
		{526E0B31-09A1-4876-B8AF-4450C3892480}.Debug|x86.ActiveCfg = Debug|Win32
		{526E0B31-09A1-4876-B8AF-4450C3892480}.Debug|x86.Build.0 = Debug|Win32
		{526E0B31-09A1-4876-B8AF-4450C3892480}.Release|x64.ActiveCfg = Release|x64
		{526E0B31-09A1-4876-B8AF-4450C3892480}.Release|x64.Build.0 = Release|x64
		{526E0B31-09A1-4876-B8AF-4450C3892480}.Release|x86.ActiveCfg = Release|Win32
		{526E0B31-09A1-4876-B8AF-4450C3892480}.Release|x86.Build.0 = Release|Win32
		{3BE09F93-BB1C-42B7-AD98-1DD43DBFCD15}.Debug|x64.ActiveCfg = Debug|x64
		{3BE09F93-BB1C-42B7-AD98-1DD43DBFCD15}.Debug|x64.Build.0 = Debug|x64
		{3BE09F93-BB1C-42B7-AD98-1DD43DBFCD15}.Debug|x86.ActiveCfg = Debug|Win32
		{3BE09F93-BB1C-42B7-AD98-1DD43DBFCD15}.Debug|x86.Build.0 = Debug|Win32
		{3BE09F93-BB1C-42B7-AD98-1DD43DBFCD15}.Release|x64.ActiveCfg = Release|x64
		{3BE09F93-BB1C-42B7-AD98-1DD43DBFCD15}.Release|x64.Build.0 = Release|x64
		{3BE09F93-BB1C-42B7-AD98-1DD43DBFCD15}.Release|x86.ActiveCfg = Release|Win32
		{3BE09F93-BB1C-42B7-AD98-1DD43DBFCD15}.Release|x86.Build.0 = Release|Win32
	EndGlobalSection
	GlobalSection(SolutionProperties) = preSolution
		HideSolutionNode = FALSE
	EndGlobalSection
EndGlobal
